
Microsoft Visual Studio Solution File, Format Version 12.00
# Visual Studio 2015
Project("{FAE04EC0-301F-11D3-BF4B-00C04F79EFBC}") = "VLab.CSharp.Plugins", "VLab.CSharp.Plugins.csproj", "{F39DFABE-FED3-D729-DBEA-C9AD3524CE90}"
EndProject
Project("{FAE04EC0-301F-11D3-BF4B-00C04F79EFBC}") = "VLab.CSharp", "VLab.CSharp.csproj", "{93E50083-306D-FA15-22A3-A0FE575D518F}"
EndProject
Project("{FAE04EC0-301F-11D3-BF4B-00C04F79EFBC}") = "VLab.CSharp.Editor", "VLab.CSharp.Editor.csproj", "{743A9209-BB84-609C-F707-725F00561656}"
EndProject
Global
	GlobalSection(SolutionConfigurationPlatforms) = preSolution
		Debug|Any CPU = Debug|Any CPU
		Release|Any CPU = Release|Any CPU
	EndGlobalSection
	GlobalSection(ProjectConfigurationPlatforms) = postSolution
		{F39DFABE-FED3-D729-DBEA-C9AD3524CE90}.Debug|Any CPU.ActiveCfg = Debug|Any CPU
		{F39DFABE-FED3-D729-DBEA-C9AD3524CE90}.Debug|Any CPU.Build.0 = Debug|Any CPU
		{F39DFABE-FED3-D729-DBEA-C9AD3524CE90}.Release|Any CPU.ActiveCfg = Release|Any CPU
		{F39DFABE-FED3-D729-DBEA-C9AD3524CE90}.Release|Any CPU.Build.0 = Release|Any CPU
		{93E50083-306D-FA15-22A3-A0FE575D518F}.Debug|Any CPU.ActiveCfg = Debug|Any CPU
		{93E50083-306D-FA15-22A3-A0FE575D518F}.Debug|Any CPU.Build.0 = Debug|Any CPU
		{93E50083-306D-FA15-22A3-A0FE575D518F}.Release|Any CPU.ActiveCfg = Release|Any CPU
		{93E50083-306D-FA15-22A3-A0FE575D518F}.Release|Any CPU.Build.0 = Release|Any CPU
		{743A9209-BB84-609C-F707-725F00561656}.Debug|Any CPU.ActiveCfg = Debug|Any CPU
		{743A9209-BB84-609C-F707-725F00561656}.Debug|Any CPU.Build.0 = Debug|Any CPU
		{743A9209-BB84-609C-F707-725F00561656}.Release|Any CPU.ActiveCfg = Release|Any CPU
		{743A9209-BB84-609C-F707-725F00561656}.Release|Any CPU.Build.0 = Release|Any CPU
	EndGlobalSection
	GlobalSection(SolutionProperties) = preSolution
		HideSolutionNode = FALSE
	EndGlobalSection
EndGlobal
